<?xml version="1.0" encoding="utf-8"?>
<Project ToolsVersion="4.0" xmlns="http://schemas.microsoft.com/developer/msbuild/2003">
  <ItemGroup>
    <Filter Include="Source Files">
      <UniqueIdentifier>{4FC737F1-C7A5-4376-A066-2A32D752A2FF}</UniqueIdentifier>
      <Extensions>cpp;c;cc;cxx;c++;cppm;ixx;def;odl;idl;hpj;bat;asm;asmx</Extensions>
    </Filter>
    <Filter Include="Header Files">
      <UniqueIdentifier>{93995380-89BD-4b04-88EB-625FBE52EBFB}</UniqueIdentifier>
      <Extensions>h;hh;hpp;hxx;h++;hm;inl;inc;ipp;xsd</Extensions>
    </Filter>
    <Filter Include="Resource Files">
      <UniqueIdentifier>{67DA6AB6-F800-4c08-8B7A-83BB121AAD01}</UniqueIdentifier>
      <Extensions>rc;ico;cur;bmp;dlg;rc2;rct;bin;rgs;gif;jpg;jpeg;jpe;resx;tiff;tif;png;wav;mfcribbon-ms</Extensions>
    </Filter>
  </ItemGroup>
  <ItemGroup>
    <ClInclude Include="src\Defines.h">
      <Filter>Header Files</Filter>
    </ClInclude>
    <ClInclude Include="src\core\Logger.h">
      <Filter>Header Files</Filter>
    </ClInclude>
    <ClInclude Include="src\Platform\Platform.h">
      <Filter>Header Files</Filter>
    </ClInclude>
    <ClInclude Include="src\Engine.h">
      <Filter>Header Files</Filter>
    </ClInclude>
    <ClInclude Include="src\Memory\MemoryManager.h">
      <Filter>Header Files</Filter>
    </ClInclude>
    <ClInclude Include="src\Memory\ReferenceCounter.h">
      <Filter>Header Files</Filter>
    </ClInclude>
    <ClInclude Include="src\Memory\SharedPointer.h">
      <Filter>Header Files</Filter>
    </ClInclude>
    <ClInclude Include="src\Memory\UniquePointer.h">
      <Filter>Header Files</Filter>
    </ClInclude>
    <ClInclude Include="src\Structures\Stack.h">
      <Filter>Header Files</Filter>
    </ClInclude>
    <ClInclude Include="src\Core\SceneManager.h">
      <Filter>Header Files</Filter>
    </ClInclude>
    <ClInclude Include="src\Core\Scene.h">
      <Filter>Header Files</Filter>
    </ClInclude>
    <ClInclude Include="src\Structures\Queue.h">
      <Filter>Header Files</Filter>
    </ClInclude>
    <ClInclude Include="src\Core\String.h">
      <Filter>Header Files</Filter>
    </ClInclude>
    <ClInclude Include="src\Math\Hashes.h">
      <Filter>Header Files</Filter>
    </ClInclude>
    <ClInclude Include="src\Math\Functions.h">
      <Filter>Header Files</Filter>
    </ClInclude>
    <ClInclude Include="src\Structures\Map.h">
      <Filter>Header Files</Filter>
    </ClInclude>
    <ClInclude Include="src\Core\MessageBus.h">
      <Filter>Header Files</Filter>
    </ClInclude>
    <ClInclude Include="src\Core\Listener.h">
      <Filter>Header Files</Filter>
    </ClInclude>
    <ClInclude Include="src\Structures\Vector.h">
      <Filter>Header Files</Filter>
    </ClInclude>
    <ClInclude Include="src\IO\TextFileReader.h">
      <Filter>Header Files</Filter>
    </ClInclude>
    <ClInclude Include="src\IO\InputManager.h">
      <Filter>Header Files</Filter>
    </ClInclude>
    <ClInclude Include="src\IO\Controller.h">
      <Filter>Header Files</Filter>
    </ClInclude>
    <ClInclude Include="src\IO\ControlsMap.h">
      <Filter>Header Files</Filter>
    </ClInclude>
    <ClInclude Include="src\IO\Keyboard.h">
      <Filter>Header Files</Filter>
    </ClInclude>
    <ClInclude Include="src\IO\Gamepad.h">
      <Filter>Header Files</Filter>
    </ClInclude>
    <ClInclude Include="src\IO\StringReader.h">
      <Filter>Header Files</Filter>
    </ClInclude>
    <ClInclude Include="src\Platform\Timer.h">
      <Filter>Header Files</Filter>
    </ClInclude>
    <ClInclude Include="src\Resources\FontManager.h">
      <Filter>Header Files</Filter>
    </ClInclude>
    <ClInclude Include="src\Resources\SoundManager.h">
      <Filter>Header Files</Filter>
    </ClInclude>
    <ClInclude Include="src\Resources\TextureManager.h">
      <Filter>Header Files</Filter>
    </ClInclude>
    <ClInclude Include="src\Rendering\Renderer.h">
      <Filter>Header Files</Filter>
    </ClInclude>
    <ClInclude Include="src\UI\UIComponent.h">
      <Filter>Header Files</Filter>
    </ClInclude>
    <ClInclude Include="src\UI\UIContainer.h">
      <Filter>Header Files</Filter>
    </ClInclude>
    <ClInclude Include="src\UI\UIButton.h">
      <Filter>Header Files</Filter>
    </ClInclude>
    <ClInclude Include="src\Math\Constants.h">
      <Filter>Header Files</Filter>
    </ClInclude>
    <ClInclude Include="src\Math\Vectors.h">
      <Filter>Header Files</Filter>
    </ClInclude>
    <ClInclude Include="src\UI\UILabel.h">
      <Filter>Header Files</Filter>
    </ClInclude>
    <ClInclude Include="src\UI\UISprite.h">
      <Filter>Header Files</Filter>
    </ClInclude>
    <ClInclude Include="src\IO\LoggerFile.h">
      <Filter>Header Files</Filter>
    </ClInclude>
    <ClInclude Include="src\Physics\CollisionChecks.h">
      <Filter>Header Files</Filter>
    </ClInclude>
    <ClInclude Include="src\Nodes\Node.h">
      <Filter>Header Files</Filter>
    </ClInclude>
    <ClInclude Include="src\Math\Random.h">
      <Filter>Header Files</Filter>
    </ClInclude>
    <ClInclude Include="src\Structures\QuadTree.h">
      <Filter>Header Files</Filter>
    </ClInclude>
  </ItemGroup>
  <ItemGroup>
    <ClCompile Include="src\core\Logger.cpp">
      <Filter>Source Files</Filter>
    </ClCompile>
    <ClCompile Include="src\Platform\PlatformWin32.cpp">
      <Filter>Source Files</Filter>
    </ClCompile>
    <ClCompile Include="src\Memory\MemoryManager.cpp">
      <Filter>Source Files</Filter>
    </ClCompile>
    <ClCompile Include="src\Memory\ReferenceCounter.cpp">
      <Filter>Source Files</Filter>
    </ClCompile>
    <ClCompile Include="src\Engine.cpp">
      <Filter>Source Files</Filter>
    </ClCompile>
    <ClCompile Include="src\Core\SceneManager.cpp">
      <Filter>Source Files</Filter>
    </ClCompile>
    <ClCompile Include="src\Core\Scene.cpp">
      <Filter>Source Files</Filter>
    </ClCompile>
    <ClCompile Include="src\Core\String.cpp">
      <Filter>Source Files</Filter>
    </ClCompile>
    <ClCompile Include="src\Math\Hashes.cpp">
      <Filter>Source Files</Filter>
    </ClCompile>
    <ClCompile Include="src\Math\Functions.cpp">
      <Filter>Source Files</Filter>
    </ClCompile>
    <ClCompile Include="src\Core\MessageBus.cpp">
      <Filter>Source Files</Filter>
    </ClCompile>
    <ClCompile Include="src\Core\Listener.cpp">
      <Filter>Source Files</Filter>
    </ClCompile>
    <ClCompile Include="src\IO\TextFileReader.cpp">
      <Filter>Source Files</Filter>
    </ClCompile>
    <ClCompile Include="src\IO\InputManager.cpp">
      <Filter>Source Files</Filter>
    </ClCompile>
    <ClCompile Include="src\IO\Controller.cpp">
      <Filter>Source Files</Filter>
    </ClCompile>
    <ClCompile Include="src\IO\ControlsMap.cpp">
      <Filter>Source Files</Filter>
    </ClCompile>
    <ClCompile Include="src\IO\Keyboard.cpp">
      <Filter>Source Files</Filter>
    </ClCompile>
    <ClCompile Include="src\IO\Gamepad.cpp">
      <Filter>Source Files</Filter>
    </ClCompile>
    <ClCompile Include="src\IO\StringReader.cpp">
      <Filter>Source Files</Filter>
    </ClCompile>
    <ClCompile Include="src\Platform\TimerWin32.cpp">
      <Filter>Source Files</Filter>
    </ClCompile>
    <ClCompile Include="src\Resources\FontManager.cpp">
      <Filter>Source Files</Filter>
    </ClCompile>
    <ClCompile Include="src\Resources\SoundManager.cpp">
      <Filter>Source Files</Filter>
    </ClCompile>
    <ClCompile Include="src\Resources\TextureManager.cpp">
      <Filter>Source Files</Filter>
    </ClCompile>
    <ClCompile Include="src\Rendering\Renderer.cpp">
      <Filter>Source Files</Filter>
    </ClCompile>
    <ClCompile Include="src\UI\UIContainer.cpp">
      <Filter>Source Files</Filter>
    </ClCompile>
    <ClCompile Include="src\UI\UIButton.cpp">
      <Filter>Source Files</Filter>
    </ClCompile>
    <ClCompile Include="src\UI\UIComponent.cpp">
      <Filter>Source Files</Filter>
    </ClCompile>
    <ClCompile Include="src\Math\Vectors.cpp">
      <Filter>Source Files</Filter>
    </ClCompile>
    <ClCompile Include="src\UI\UILabel.cpp">
      <Filter>Source Files</Filter>
    </ClCompile>
    <ClCompile Include="src\UI\UISprite.cpp">
      <Filter>Source Files</Filter>
    </ClCompile>
    <ClCompile Include="src\IO\LoggerFile.cpp">
      <Filter>Source Files</Filter>
    </ClCompile>
    <ClCompile Include="src\Physics\CollisionChecks.cpp">
      <Filter>Source Files</Filter>
    </ClCompile>
    <ClCompile Include="src\Nodes\Node.cpp">
      <Filter>Source Files</Filter>
    </ClCompile>
    <ClCompile Include="src\Math\Random.cpp">
      <Filter>Source Files</Filter>
    </ClCompile>
  </ItemGroup>
</Project>